{
  "lockfileVersion": 1,
  "workspaces": {
    "": {
      "name": "hypergrid",
      "dependencies": {
        "lit": "^3.3.1",
      },
      "devDependencies": {
        "@types/bun": "latest",
      },
      "peerDependencies": {
        "typescript": "^5.8.3",
      },
    },
  },
  "packages": {
    "@lit-labs/ssr-dom-shim": ["@lit-labs/ssr-dom-shim@1.4.0", "https://tknon-registry.tekion.xyz/@lit-labs/ssr-dom-shim/-/ssr-dom-shim-1.4.0.tgz", {}, "sha512-ficsEARKnmmW5njugNYKipTm4SFnbik7CXtoencDZzmzo/dQ+2Q0bgkzJuoJP20Aj0F+izzJjOqsnkd6F/o1bw=="],

    "@lit/reactive-element": ["@lit/reactive-element@2.1.1", "https://tknon-registry.tekion.xyz/@lit/reactive-element/-/reactive-element-2.1.1.tgz", { "dependencies": { "@lit-labs/ssr-dom-shim": "^1.4.0" } }, "sha512-N+dm5PAYdQ8e6UlywyyrgI2t++wFGXfHx+dSJ1oBrg6FAxUj40jId++EaRm80MKX5JnlH1sBsyZ5h0bcZKemCg=="],

    "@types/bun": ["@types/bun@1.2.19", "https://tknon-registry.tekion.xyz/@types/bun/-/bun-1.2.19.tgz", { "dependencies": { "bun-types": "1.2.19" } }, "sha512-d9ZCmrH3CJ2uYKXQIUuZ/pUnTqIvLDS0SK7pFmbx8ma+ziH/FRMoAq5bYpRG7y+w1gl+HgyNZbtqgMq4W4e2Lg=="],

    "@types/node": ["@types/node@24.0.15", "https://tknon-registry.tekion.xyz/@types/node/-/node-24.0.15.tgz", { "dependencies": { "undici-types": "~7.8.0" } }, "sha512-oaeTSbCef7U/z7rDeJA138xpG3NuKc64/rZ2qmUFkFJmnMsAPaluIifqyWd8hSSMxyP9oie3dLAqYPblag9KgA=="],

    "@types/react": ["@types/react@19.1.8", "https://tknon-registry.tekion.xyz/@types/react/-/react-19.1.8.tgz", { "dependencies": { "csstype": "^3.0.2" } }, "sha512-AwAfQ2Wa5bCx9WP8nZL2uMZWod7J7/JSplxbTmBQ5ms6QpqNYm672H0Vu9ZVKVngQ+ii4R/byguVEUZQyeg44g=="],

    "@types/trusted-types": ["@types/trusted-types@2.0.7", "https://tknon-registry.tekion.xyz/@types/trusted-types/-/trusted-types-2.0.7.tgz", {}, "sha512-ScaPdn1dQczgbl0QFTeTOmVHFULt394XJgOQNoyVhZ6r2vLnMLJfBPd53SB52T/3G36VI1/g2MZaX0cwDuXsfw=="],

    "bun-types": ["bun-types@1.2.19", "https://tknon-registry.tekion.xyz/bun-types/-/bun-types-1.2.19.tgz", { "dependencies": { "@types/node": "*" }, "peerDependencies": { "@types/react": "^19" } }, "sha512-uAOTaZSPuYsWIXRpj7o56Let0g/wjihKCkeRqUBhlLVM/Bt+Fj9xTo+LhC1OV1XDaGkz4hNC80et5xgy+9KTHQ=="],

    "csstype": ["csstype@3.1.3", "https://tknon-registry.tekion.xyz/csstype/-/csstype-3.1.3.tgz", {}, "sha512-M1uQkMl8rQK/szD0LNhtqxIPLpimGm8sOBwU7lLnCpSbTyY3yeU1Vc7l4KT5zT4s/yOxHH5O7tIuuLOCnLADRw=="],

    "lit": ["lit@3.3.1", "https://tknon-registry.tekion.xyz/lit/-/lit-3.3.1.tgz", { "dependencies": { "@lit/reactive-element": "^2.1.0", "lit-element": "^4.2.0", "lit-html": "^3.3.0" } }, "sha512-Ksr/8L3PTapbdXJCk+EJVB78jDodUMaP54gD24W186zGRARvwrsPfS60wae/SSCTCNZVPd1chXqio1qHQmu4NA=="],

    "lit-element": ["lit-element@4.2.1", "https://tknon-registry.tekion.xyz/lit-element/-/lit-element-4.2.1.tgz", { "dependencies": { "@lit-labs/ssr-dom-shim": "^1.4.0", "@lit/reactive-element": "^2.1.0", "lit-html": "^3.3.0" } }, "sha512-WGAWRGzirAgyphK2urmYOV72tlvnxw7YfyLDgQ+OZnM9vQQBQnumQ7jUJe6unEzwGU3ahFOjuz1iz1jjrpCPuw=="],

    "lit-html": ["lit-html@3.3.1", "https://tknon-registry.tekion.xyz/lit-html/-/lit-html-3.3.1.tgz", { "dependencies": { "@types/trusted-types": "^2.0.2" } }, "sha512-S9hbyDu/vs1qNrithiNyeyv64c9yqiW9l+DBgI18fL+MTvOtWoFR0FWiyq1TxaYef5wNlpEmzlXoBlZEO+WjoA=="],

    "typescript": ["typescript@5.8.3", "https://tknon-registry.tekion.xyz/typescript/-/typescript-5.8.3.tgz", { "bin": { "tsc": "bin/tsc", "tsserver": "bin/tsserver" } }, "sha512-p1diW6TqL9L07nNxvRMM7hMMw4c5XOo/1ibL4aAIGmSAt9slTE1Xgw5KWuof2uTOvCg9BY7ZRi+GaF+7sfgPeQ=="],

    "undici-types": ["undici-types@7.8.0", "https://tknon-registry.tekion.xyz/undici-types/-/undici-types-7.8.0.tgz", {}, "sha512-9UJ2xGDvQ43tYyVMpuHlsgApydB8ZKfVYTsLDhXkFL/6gfkp+U8xTGdh8pMJv1SpZna0zxG1DwsKZsreLbXBxw=="],
  }
}
